[root]
name = "rusty-bolt"
version = "0.1.0"
dependencies = [
 "boltstream 0.1.0",
 "log 0.3.7 (registry+https://github.com/rust-lang/crates.io-index)",
 "packstream 0.1.0",
]

[[package]]
name = "boltstream"
version = "0.1.0"
dependencies = [
 "log 0.3.7 (registry+https://github.com/rust-lang/crates.io-index)",
 "packstream 0.1.0",
]

[[package]]
name = "log"
version = "0.3.7"
source = "registry+https://github.com/rust-lang/crates.io-index"

[[package]]
name = "packstream"
version = "0.1.0"

[metadata]
"checksum log 0.3.7 (registry+https://github.com/rust-lang/crates.io-index)" = "5141eca02775a762cc6cd564d8d2c50f67c0ea3a372cbf1c51592b3e029e10ad"
