[root]
name = "rusty-bolt"
version = "0.1.0"
dependencies = [
 "log 0.3.8 (registry+https://github.com/rust-lang/crates.io-index)",
 "neo4j 0.1.0",
 "packstream 0.1.0",
]

[[package]]
name = "byteorder"
version = "1.1.0"
source = "registry+https://github.com/rust-lang/crates.io-index"

[[package]]
name = "log"
version = "0.3.8"
source = "registry+https://github.com/rust-lang/crates.io-index"

[[package]]
name = "neo4j"
version = "0.1.0"
dependencies = [
 "byteorder 1.1.0 (registry+https://github.com/rust-lang/crates.io-index)",
 "log 0.3.8 (registry+https://github.com/rust-lang/crates.io-index)",
 "packstream 0.1.0",
]

[[package]]
name = "packstream"
version = "0.1.0"
dependencies = [
 "byteorder 1.1.0 (registry+https://github.com/rust-lang/crates.io-index)",
]

[metadata]
"checksum byteorder 1.1.0 (registry+https://github.com/rust-lang/crates.io-index)" = "ff81738b726f5d099632ceaffe7fb65b90212e8dce59d518729e7e8634032d3d"
"checksum log 0.3.8 (registry+https://github.com/rust-lang/crates.io-index)" = "880f77541efa6e5cc74e76910c9884d9859683118839d6a1dc3b11e63512565b"
